
Microsoft Visual Studio Solution File, Format Version 12.00
# Visual Studio Version 16
VisualStudioVersion = 16.0.29521.150
MinimumVisualStudioVersion = 10.0.40219.1
Project("{9A19103F-16F7-4668-BE54-9A1E7A4F7556}") = "StringReloads", "StringReloads\StringReloads.csproj", "{92A197AC-8666-447A-9191-CF128B1800A2}"
EndProject
Project("{9A19103F-16F7-4668-BE54-9A1E7A4F7556}") = "SRLDebugger", "SRLDebugger\SRLDebugger.csproj", "{88F58495-0313-41F1-977B-F9A783F0FC6A}"
EndProject
Project("{9A19103F-16F7-4668-BE54-9A1E7A4F7556}") = "SRLWrapper", "SRLWrapper\SRLWrapper.csproj", "{4A5A7F71-90BF-42DF-82DC-C6008D02AD96}"
EndProject
Project("{FAE04EC0-301F-11D3-BF4B-00C04F79EFBC}") = "SamplePlugin", "SamplePlugin\SamplePlugin.csproj", "{653A209C-13B5-4C77-8782-D6ADA9A1C57E}"
EndProject
Global
	GlobalSection(SolutionConfigurationPlatforms) = preSolution
		Debug|Any CPU = Debug|Any CPU
		Debug|x64 = Debug|x64
		Debug|x86 = Debug|x86
		Release|Any CPU = Release|Any CPU
		Release|x64 = Release|x64
		Release|x86 = Release|x86
	EndGlobalSection
	GlobalSection(ProjectConfigurationPlatforms) = postSolution
		{92A197AC-8666-447A-9191-CF128B1800A2}.Debug|Any CPU.ActiveCfg = Debug|x86
		{92A197AC-8666-447A-9191-CF128B1800A2}.Debug|x64.ActiveCfg = Debug|x64
		{92A197AC-8666-447A-9191-CF128B1800A2}.Debug|x64.Build.0 = Debug|x64
		{92A197AC-8666-447A-9191-CF128B1800A2}.Debug|x86.ActiveCfg = Debug|x86
		{92A197AC-8666-447A-9191-CF128B1800A2}.Debug|x86.Build.0 = Debug|x86
		{92A197AC-8666-447A-9191-CF128B1800A2}.Release|Any CPU.ActiveCfg = Release|x86
		{92A197AC-8666-447A-9191-CF128B1800A2}.Release|x64.ActiveCfg = Release|x64
		{92A197AC-8666-447A-9191-CF128B1800A2}.Release|x64.Build.0 = Release|x64
		{92A197AC-8666-447A-9191-CF128B1800A2}.Release|x86.ActiveCfg = Release|x86
		{92A197AC-8666-447A-9191-CF128B1800A2}.Release|x86.Build.0 = Release|x86
		{88F58495-0313-41F1-977B-F9A783F0FC6A}.Debug|Any CPU.ActiveCfg = Debug|x86
		{88F58495-0313-41F1-977B-F9A783F0FC6A}.Debug|x64.ActiveCfg = Debug|x64
		{88F58495-0313-41F1-977B-F9A783F0FC6A}.Debug|x64.Build.0 = Debug|x64
		{88F58495-0313-41F1-977B-F9A783F0FC6A}.Debug|x86.ActiveCfg = Debug|x86
		{88F58495-0313-41F1-977B-F9A783F0FC6A}.Debug|x86.Build.0 = Debug|x86
		{88F58495-0313-41F1-977B-F9A783F0FC6A}.Release|Any CPU.ActiveCfg = Release|x86
		{88F58495-0313-41F1-977B-F9A783F0FC6A}.Release|x64.ActiveCfg = Release|x64
		{88F58495-0313-41F1-977B-F9A783F0FC6A}.Release|x64.Build.0 = Release|x64
		{88F58495-0313-41F1-977B-F9A783F0FC6A}.Release|x86.ActiveCfg = Release|x86
		{88F58495-0313-41F1-977B-F9A783F0FC6A}.Release|x86.Build.0 = Release|x86
		{4A5A7F71-90BF-42DF-82DC-C6008D02AD96}.Debug|Any CPU.ActiveCfg = Debug|x86
		{4A5A7F71-90BF-42DF-82DC-C6008D02AD96}.Debug|x64.ActiveCfg = Debug|x64
		{4A5A7F71-90BF-42DF-82DC-C6008D02AD96}.Debug|x64.Build.0 = Debug|x64
		{4A5A7F71-90BF-42DF-82DC-C6008D02AD96}.Debug|x86.ActiveCfg = Debug|x86
		{4A5A7F71-90BF-42DF-82DC-C6008D02AD96}.Debug|x86.Build.0 = Debug|x86
		{4A5A7F71-90BF-42DF-82DC-C6008D02AD96}.Release|Any CPU.ActiveCfg = Release|x86
		{4A5A7F71-90BF-42DF-82DC-C6008D02AD96}.Release|x64.ActiveCfg = Release|x64
		{4A5A7F71-90BF-42DF-82DC-C6008D02AD96}.Release|x64.Build.0 = Release|x64
		{4A5A7F71-90BF-42DF-82DC-C6008D02AD96}.Release|x86.ActiveCfg = Release|x86
		{4A5A7F71-90BF-42DF-82DC-C6008D02AD96}.Release|x86.Build.0 = Release|x86
		{653A209C-13B5-4C77-8782-D6ADA9A1C57E}.Debug|Any CPU.ActiveCfg = Debug|Any CPU
		{653A209C-13B5-4C77-8782-D6ADA9A1C57E}.Debug|Any CPU.Build.0 = Debug|Any CPU
		{653A209C-13B5-4C77-8782-D6ADA9A1C57E}.Debug|x64.ActiveCfg = Debug|Any CPU
		{653A209C-13B5-4C77-8782-D6ADA9A1C57E}.Debug|x64.Build.0 = Debug|Any CPU
		{653A209C-13B5-4C77-8782-D6ADA9A1C57E}.Debug|x86.ActiveCfg = Debug|Any CPU
		{653A209C-13B5-4C77-8782-D6ADA9A1C57E}.Debug|x86.Build.0 = Debug|Any CPU
		{653A209C-13B5-4C77-8782-D6ADA9A1C57E}.Release|Any CPU.ActiveCfg = Release|Any CPU
		{653A209C-13B5-4C77-8782-D6ADA9A1C57E}.Release|Any CPU.Build.0 = Release|Any CPU
		{653A209C-13B5-4C77-8782-D6ADA9A1C57E}.Release|x64.ActiveCfg = Release|Any CPU
		{653A209C-13B5-4C77-8782-D6ADA9A1C57E}.Release|x64.Build.0 = Release|Any CPU
		{653A209C-13B5-4C77-8782-D6ADA9A1C57E}.Release|x86.ActiveCfg = Release|Any CPU
		{653A209C-13B5-4C77-8782-D6ADA9A1C57E}.Release|x86.Build.0 = Release|Any CPU
	EndGlobalSection
	GlobalSection(SolutionProperties) = preSolution
		HideSolutionNode = FALSE
	EndGlobalSection
	GlobalSection(ExtensibilityGlobals) = postSolution
		SolutionGuid = {ED8F8214-70DC-4A63-AE91-D2161784C94E}
	EndGlobalSection
EndGlobal
